// !$*UTF8*$!
{
	archiveVersion = 1;
	classes = {
	};
	objectVersion = 46;
	objects = {

/* Begin PBXBuildFile section */
		1E4F9A0C1B166FCC000D13E4 /* main.m in Sources */ = {isa = PBXBuildFile; fileRef = 1E4F9A0B1B166FCC000D13E4 /* main.m */; };
		1E4F9A0F1B166FCC000D13E4 /* AppDelegate.m in Sources */ = {isa = PBXBuildFile; fileRef = 1E4F9A0E1B166FCC000D13E4 /* AppDelegate.m */; };
		1E4F9A121B166FCC000D13E4 /* ViewController.m in Sources */ = {isa = PBXBuildFile; fileRef = 1E4F9A111B166FCC000D13E4 /* ViewController.m */; };
		1E4F9A151B166FCC000D13E4 /* Main.storyboard in Resources */ = {isa = PBXBuildFile; fileRef = 1E4F9A131B166FCC000D13E4 /* Main.storyboard */; };
		1E4F9A171B166FCC000D13E4 /* Images.xcassets in Resources */ = {isa = PBXBuildFile; fileRef = 1E4F9A161B166FCC000D13E4 /* Images.xcassets */; };
		1E4F9A1A1B166FCC000D13E4 /* LaunchScreen.xib in Resources */ = {isa = PBXBuildFile; fileRef = 1E4F9A181B166FCC000D13E4 /* LaunchScreen.xib */; };
		1E4F9A261B166FCC000D13E4 /* ParallaxTableTests.m in Sources */ = {isa = PBXBuildFile; fileRef = 1E4F9A251B166FCC000D13E4 /* ParallaxTableTests.m */; };
		1E4F9A311B166FFD000D13E4 /* ParallaxCell.m in Sources */ = {isa = PBXBuildFile; fileRef = 1E4F9A301B166FFD000D13E4 /* ParallaxCell.m */; };
/* End PBXBuildFile section */

/* Begin PBXContainerItemProxy section */
		1E4F9A201B166FCC000D13E4 /* PBXContainerItemProxy */ = {
			isa = PBXContainerItemProxy;
			containerPortal = 1E4F99FE1B166FCC000D13E4 /* Project object */;
			proxyType = 1;
			remoteGlobalIDString = 1E4F9A051B166FCC000D13E4;
			remoteInfo = ParallaxTable;
		};
/* End PBXContainerItemProxy section */

/* Begin PBXFileReference section */
		1E4F9A061B166FCC000D13E4 /* ParallaxTable.app */ = {isa = PBXFileReference; explicitFileType = wrapper.application; includeInIndex = 0; path = ParallaxTable.app; sourceTree = BUILT_PRODUCTS_DIR; };
		1E4F9A0A1B166FCC000D13E4 /* Info.plist */ = {isa = PBXFileReference; lastKnownFileType = text.plist.xml; path = Info.plist; sourceTree = "<group>"; };
		1E4F9A0B1B166FCC000D13E4 /* main.m */ = {isa = PBXFileReference; lastKnownFileType = sourcecode.c.objc; path = main.m; sourceTree = "<group>"; };
		1E4F9A0D1B166FCC000D13E4 /* AppDelegate.h */ = {isa = PBXFileReference; lastKnownFileType = sourcecode.c.h; path = AppDelegate.h; sourceTree = "<group>"; };
		1E4F9A0E1B166FCC000D13E4 /* AppDelegate.m */ = {isa = PBXFileReference; lastKnownFileType = sourcecode.c.objc; path = AppDelegate.m; sourceTree = "<group>"; };
		1E4F9A101B166FCC000D13E4 /* ViewController.h */ = {isa = PBXFileReference; lastKnownFileType = sourcecode.c.h; path = ViewController.h; sourceTree = "<group>"; };
		1E4F9A111B166FCC000D13E4 /* ViewController.m */ = {isa = PBXFileReference; lastKnownFileType = sourcecode.c.objc; path = ViewController.m; sourceTree = "<group>"; };
		1E4F9A141B166FCC000D13E4 /* Base */ = {isa = PBXFileReference; lastKnownFileType = file.storyboard; name = Base; path = Base.lproj/Main.storyboard; sourceTree = "<group>"; };
		1E4F9A161B166FCC000D13E4 /* Images.xcassets */ = {isa = PBXFileReference; lastKnownFileType = folder.assetcatalog; path = Images.xcassets; sourceTree = "<group>"; };
		1E4F9A191B166FCC000D13E4 /* Base */ = {isa = PBXFileReference; lastKnownFileType = file.xib; name = Base; path = Base.lproj/LaunchScreen.xib; sourceTree = "<group>"; };
		1E4F9A1F1B166FCC000D13E4 /* ParallaxTableTests.xctest */ = {isa = PBXFileReference; explicitFileType = wrapper.cfbundle; includeInIndex = 0; path = ParallaxTableTests.xctest; sourceTree = BUILT_PRODUCTS_DIR; };
		1E4F9A241B166FCC000D13E4 /* Info.plist */ = {isa = PBXFileReference; lastKnownFileType = text.plist.xml; path = Info.plist; sourceTree = "<group>"; };
		1E4F9A251B166FCC000D13E4 /* ParallaxTableTests.m */ = {isa = PBXFileReference; lastKnownFileType = sourcecode.c.objc; path = ParallaxTableTests.m; sourceTree = "<group>"; };
		1E4F9A2F1B166FFD000D13E4 /* ParallaxCell.h */ = {isa = PBXFileReference; fileEncoding = 4; lastKnownFileType = sourcecode.c.h; path = ParallaxCell.h; sourceTree = "<group>"; };
		1E4F9A301B166FFD000D13E4 /* ParallaxCell.m */ = {isa = PBXFileReference; fileEncoding = 4; lastKnownFileType = sourcecode.c.objc; path = ParallaxCell.m; sourceTree = "<group>"; };
/* End PBXFileReference section */

/* Begin PBXFrameworksBuildPhase section */
		1E4F9A031B166FCC000D13E4 /* Frameworks */ = {
			isa = PBXFrameworksBuildPhase;
			buildActionMask = 2147483647;
			files = (
			);
			runOnlyForDeploymentPostprocessing = 0;
		};
		1E4F9A1C1B166FCC000D13E4 /* Frameworks */ = {
			isa = PBXFrameworksBuildPhase;
			buildActionMask = 2147483647;
			files = (
			);
			runOnlyForDeploymentPostprocessing = 0;
		};
/* End PBXFrameworksBuildPhase section */

/* Begin PBXGroup section */
		1E4F99FD1B166FCC000D13E4 = {
			isa = PBXGroup;
			children = (
				1E4F9A081B166FCC000D13E4 /* ParallaxTable */,
				1E4F9A221B166FCC000D13E4 /* ParallaxTableTests */,
				1E4F9A071B166FCC000D13E4 /* Products */,
			);
			sourceTree = "<group>";
		};
		1E4F9A071B166FCC000D13E4 /* Products */ = {
			isa = PBXGroup;
			children = (
				1E4F9A061B166FCC000D13E4 /* ParallaxTable.app */,
				1E4F9A1F1B166FCC000D13E4 /* ParallaxTableTests.xctest */,
			);
			name = Products;
			sourceTree = "<group>";
		};
		1E4F9A081B166FCC000D13E4 /* ParallaxTable */ = {
			isa = PBXGroup;
			children = (
				1E4F9A0D1B166FCC000D13E4 /* AppDelegate.h */,
				1E4F9A0E1B166FCC000D13E4 /* AppDelegate.m */,
				1E4F9A101B166FCC000D13E4 /* ViewController.h */,
				1E4F9A111B166FCC000D13E4 /* ViewController.m */,
				1E4F9A2F1B166FFD000D13E4 /* ParallaxCell.h */,
				1E4F9A301B166FFD000D13E4 /* ParallaxCell.m */,
				1E4F9A131B166FCC000D13E4 /* Main.storyboard */,
				1E4F9A161B166FCC000D13E4 /* Images.xcassets */,
				1E4F9A181B166FCC000D13E4 /* LaunchScreen.xib */,
				1E4F9A091B166FCC000D13E4 /* Supporting Files */,
			);
			path = ParallaxTable;
			sourceTree = "<group>";
		};
		1E4F9A091B166FCC000D13E4 /* Supporting Files */ = {
			isa = PBXGroup;
			children = (
				1E4F9A0A1B166FCC000D13E4 /* Info.plist */,
				1E4F9A0B1B166FCC000D13E4 /* main.m */,
			);
			name = "Supporting Files";
			sourceTree = "<group>";
		};
		1E4F9A221B166FCC000D13E4 /* ParallaxTableTests */ = {
			isa = PBXGroup;
			children = (
				1E4F9A251B166FCC000D13E4 /* ParallaxTableTests.m */,
				1E4F9A231B166FCC000D13E4 /* Supporting Files */,
			);
			path = ParallaxTableTests;
			sourceTree = "<group>";
		};
		1E4F9A231B166FCC000D13E4 /* Supporting Files */ = {
			isa = PBXGroup;
			children = (
				1E4F9A241B166FCC000D13E4 /* Info.plist */,
			);
			name = "Supporting Files";
			sourceTree = "<group>";
		};
/* End PBXGroup section */

/* Begin PBXNativeTarget section */
		1E4F9A051B166FCC000D13E4 /* ParallaxTable */ = {
			isa = PBXNativeTarget;
			buildConfigurationList = 1E4F9A291B166FCC000D13E4 /* Build configuration list for PBXNativeTarget "ParallaxTable" */;
			buildPhases = (
				1E4F9A021B166FCC000D13E4 /* Sources */,
				1E4F9A031B166FCC000D13E4 /* Frameworks */,
				1E4F9A041B166FCC000D13E4 /* Resources */,
			);
			buildRules = (
			);
			dependencies = (
			);
			name = ParallaxTable;
			productName = ParallaxTable;
			productReference = 1E4F9A061B166FCC000D13E4 /* ParallaxTable.app */;
			productType = "com.apple.product-type.application";
		};
		1E4F9A1E1B166FCC000D13E4 /* ParallaxTableTests */ = {
			isa = PBXNativeTarget;
			buildConfigurationList = 1E4F9A2C1B166FCC000D13E4 /* Build configuration list for PBXNativeTarget "ParallaxTableTests" */;
			buildPhases = (
				1E4F9A1B1B166FCC000D13E4 /* Sources */,
				1E4F9A1C1B166FCC000D13E4 /* Frameworks */,
				1E4F9A1D1B166FCC000D13E4 /* Resources */,
			);
			buildRules = (
			);
			dependencies = (
				1E4F9A211B166FCC000D13E4 /* PBXTargetDependency */,
			);
			name = ParallaxTableTests;
			productName = ParallaxTableTests;
			productReference = 1E4F9A1F1B166FCC000D13E4 /* ParallaxTableTests.xctest */;
			productType = "com.apple.product-type.bundle.unit-test";
		};
/* End PBXNativeTarget section */

/* Begin PBXProject section */
		1E4F99FE1B166FCC000D13E4 /* Project object */ = {
			isa = PBXProject;
			attributes = {
				LastUpgradeCheck = 0630;
				ORGANIZATIONNAME = learning;
				TargetAttributes = {
					1E4F9A051B166FCC000D13E4 = {
						CreatedOnToolsVersion = 6.3.1;
					};
					1E4F9A1E1B166FCC000D13E4 = {
						CreatedOnToolsVersion = 6.3.1;
						TestTargetID = 1E4F9A051B166FCC000D13E4;
					};
				};
			};
			buildConfigurationList = 1E4F9A011B166FCC000D13E4 /* Build configuration list for PBXProject "ParallaxTable" */;
			compatibilityVersion = "Xcode 3.2";
			developmentRegion = English;
			hasScannedForEncodings = 0;
			knownRegions = (
				en,
				Base,
			);
			mainGroup = 1E4F99FD1B166FCC000D13E4;
			productRefGroup = 1E4F9A071B166FCC000D13E4 /* Products */;
			projectDirPath = "";
			projectRoot = "";
			targets = (
				1E4F9A051B166FCC000D13E4 /* ParallaxTable */,
				1E4F9A1E1B166FCC000D13E4 /* ParallaxTableTests */,
			);
		};
/* End PBXProject section */

/* Begin PBXResourcesBuildPhase section */
		1E4F9A041B166FCC000D13E4 /* Resources */ = {
			isa = PBXResourcesBuildPhase;
			buildActionMask = 2147483647;
			files = (
				1E4F9A151B166FCC000D13E4 /* Main.storyboard in Resources */,
				1E4F9A1A1B166FCC000D13E4 /* LaunchScreen.xib in Resources */,
				1E4F9A171B166FCC000D13E4 /* Images.xcassets in Resources */,
			);
			runOnlyForDeploymentPostprocessing = 0;
		};
		1E4F9A1D1B166FCC000D13E4 /* Resources */ = {
			isa = PBXResourcesBuildPhase;
			buildActionMask = 2147483647;
			files = (
			);
			runOnlyForDeploymentPostprocessing = 0;
		};
/* End PBXResourcesBuildPhase section */

/* Begin PBXSourcesBuildPhase section */
		1E4F9A021B166FCC000D13E4 /* Sources */ = {
			isa = PBXSourcesBuildPhase;
			buildActionMask = 2147483647;
			files = (
				1E4F9A121B166FCC000D13E4 /* ViewController.m in Sources */,
				1E4F9A0F1B166FCC000D13E4 /* AppDelegate.m in Sources */,
				1E4F9A311B166FFD000D13E4 /* ParallaxCell.m in Sources */,
				1E4F9A0C1B166FCC000D13E4 /* main.m in Sources */,
			);
			runOnlyForDeploymentPostprocessing = 0;
		};
		1E4F9A1B1B166FCC000D13E4 /* Sources */ = {
			isa = PBXSourcesBuildPhase;
			buildActionMask = 2147483647;
			files = (
				1E4F9A261B166FCC000D13E4 /* ParallaxTableTests.m in Sources */,
			);
			runOnlyForDeploymentPostprocessing = 0;
		};
/* End PBXSourcesBuildPhase section */

/* Begin PBXTargetDependency section */
		1E4F9A211B166FCC000D13E4 /* PBXTargetDependency */ = {
			isa = PBXTargetDependency;
			target = 1E4F9A051B166FCC000D13E4 /* ParallaxTable */;
			targetProxy = 1E4F9A201B166FCC000D13E4 /* PBXContainerItemProxy */;
		};
/* End PBXTargetDependency section */

/* Begin PBXVariantGroup section */
		1E4F9A131B166FCC000D13E4 /* Main.storyboard */ = {
			isa = PBXVariantGroup;
			children = (
				1E4F9A141B166FCC000D13E4 /* Base */,
			);
			name = Main.storyboard;
			sourceTree = "<group>";
		};
		1E4F9A181B166FCC000D13E4 /* LaunchScreen.xib */ = {
			isa = PBXVariantGroup;
			children = (
				1E4F9A191B166FCC000D13E4 /* Base */,
			);
			name = LaunchScreen.xib;
			sourceTree = "<group>";
		};
/* End PBXVariantGroup section */

/* Begin XCBuildConfiguration section */
		1E4F9A271B166FCC000D13E4 /* Debug */ = {
			isa = XCBuildConfiguration;
			buildSettings = {
				ALWAYS_SEARCH_USER_PATHS = NO;
				CLANG_CXX_LANGUAGE_STANDARD = "gnu++0x";
				CLANG_CXX_LIBRARY = "libc++";
				CLANG_ENABLE_MODULES = YES;
				CLANG_ENABLE_OBJC_ARC = YES;
				CLANG_WARN_BOOL_CONVERSION = YES;
				CLANG_WARN_CONSTANT_CONVERSION = YES;
				CLANG_WARN_DIRECT_OBJC_ISA_USAGE = YES_ERROR;
				CLANG_WARN_EMPTY_BODY = YES;
				CLANG_WARN_ENUM_CONVERSION = YES;
				CLANG_WARN_INT_CONVERSION = YES;
				CLANG_WARN_OBJC_ROOT_CLASS = YES_ERROR;
				CLANG_WARN_UNREACHABLE_CODE = YES;
				CLANG_WARN__DUPLICATE_METHOD_MATCH = YES;
				"CODE_SIGN_IDENTITY[sdk=iphoneos*]" = "iPhone Developer";
				COPY_PHASE_STRIP = NO;
				DEBUG_INFORMATION_FORMAT = "dwarf-with-dsym";
				ENABLE_STRICT_OBJC_MSGSEND = YES;
				GCC_C_LANGUAGE_STANDARD = gnu99;
				GCC_DYNAMIC_NO_PIC = NO;
				GCC_NO_COMMON_BLOCKS = YES;
				GCC_OPTIMIZATION_LEVEL = 0;
				GCC_PREPROCESSOR_DEFINITIONS = (
					"DEBUG=1",
					"$(inherited)",
				);
				GCC_SYMBOLS_PRIVATE_EXTERN = NO;
				GCC_WARN_64_TO_32_BIT_CONVERSION = YES;
				GCC_WARN_ABOUT_RETURN_TYPE = YES_ERROR;
				GCC_WARN_UNDECLARED_SELECTOR = YES;
				GCC_WARN_UNINITIALIZED_AUTOS = YES_AGGRESSIVE;
				GCC_WARN_UNUSED_FUNCTION = YES;
				GCC_WARN_UNUSED_VARIABLE = YES;
				IPHONEOS_DEPLOYMENT_TARGET = 8.3;
				MTL_ENABLE_DEBUG_INFO = YES;
				ONLY_ACTIVE_ARCH = YES;
				SDKROOT = iphoneos;
				TARGETED_DEVICE_FAMILY = "1,2";
			};
			name = Debug;
		};
		1E4F9A281B166FCC000D13E4 /* Release */ = {
			isa = XCBuildConfiguration;
			buildSettings = {
				ALWAYS_SEARCH_USER_PATHS = NO;
				CLANG_CXX_LANGUAGE_STANDARD = "gnu++0x";
				CLANG_CXX_LIBRARY = "libc++";
				CLANG_ENABLE_MODULES = YES;
				CLANG_ENABLE_OBJC_ARC = YES;
				CLANG_WARN_BOOL_CONVERSION = YES;
				CLANG_WARN_CONSTANT_CONVERSION = YES;
				CLANG_WARN_DIRECT_OBJC_ISA_USAGE = YES_ERROR;
				CLANG_WARN_EMPTY_BODY = YES;
				CLANG_WARN_ENUM_CONVERSION = YES;
				CLANG_WARN_INT_CONVERSION = YES;
				CLANG_WARN_OBJC_ROOT_CLASS = YES_ERROR;
				CLANG_WARN_UNREACHABLE_CODE = YES;
				CLANG_WARN__DUPLICATE_METHOD_MATCH = YES;
				"CODE_SIGN_IDENTITY[sdk=iphoneos*]" = "iPhone Developer";
				COPY_PHASE_STRIP = NO;
				DEBUG_INFORMATION_FORMAT = "dwarf-with-dsym";
				ENABLE_NS_ASSERTIONS = NO;
				ENABLE_STRICT_OBJC_MSGSEND = YES;
				GCC_C_LANGUAGE_STANDARD = gnu99;
				GCC_NO_COMMON_BLOCKS = YES;
				GCC_WARN_64_TO_32_BIT_CONVERSION = YES;
				GCC_WARN_ABOUT_RETURN_TYPE = YES_ERROR;
				GCC_WARN_UNDECLARED_SELECTOR = YES;
				GCC_WARN_UNINITIALIZED_AUTOS = YES_AGGRESSIVE;
				GCC_WARN_UNUSED_FUNCTION = YES;
				GCC_WARN_UNUSED_VARIABLE = YES;
				IPHONEOS_DEPLOYMENT_TARGET = 8.3;
				MTL_ENABLE_DEBUG_INFO = NO;
				SDKROOT = iphoneos;
				TARGETED_DEVICE_FAMILY = "1,2";
				VALIDATE_PRODUCT = YES;
			};
			name = Release;
		};
		1E4F9A2A1B166FCC000D13E4 /* Debug */ = {
			isa = XCBuildConfiguration;
			buildSettings = {
				ASSETCATALOG_COMPILER_APPICON_NAME = AppIcon;
				INFOPLIST_FILE = ParallaxTable/Info.plist;
				LD_RUNPATH_SEARCH_PATHS = "$(inherited) @executable_path/Frameworks";
				PRODUCT_NAME = "$(TARGET_NAME)";
			};
			name = Debug;
		};
		1E4F9A2B1B166FCC000D13E4 /* Release */ = {
			isa = XCBuildConfiguration;
			buildSettings = {
				ASSETCATALOG_COMPILER_APPICON_NAME = AppIcon;
				INFOPLIST_FILE = ParallaxTable/Info.plist;
				LD_RUNPATH_SEARCH_PATHS = "$(inherited) @executable_path/Frameworks";
				PRODUCT_NAME = "$(TARGET_NAME)";
			};
			name = Release;
		};
		1E4F9A2D1B166FCC000D13E4 /* Debug */ = {
			isa = XCBuildConfiguration;
			buildSettings = {
				BUNDLE_LOADER = "$(TEST_HOST)";
				FRAMEWORK_SEARCH_PATHS = (
					"$(SDKROOT)/Developer/Library/Frameworks",
					"$(inherited)",
				);
				GCC_PREPROCESSOR_DEFINITIONS = (
					"DEBUG=1",
					"$(inherited)",
				);
				INFOPLIST_FILE = ParallaxTableTests/Info.plist;
				LD_RUNPATH_SEARCH_PATHS = "$(inherited) @executable_path/Frameworks @loader_path/Frameworks";
				PRODUCT_NAME = "$(TARGET_NAME)";
				TEST_HOST = "$(BUILT_PRODUCTS_DIR)/ParallaxTable.app/ParallaxTable";
			};
			name = Debug;
		};
		1E4F9A2E1B166FCC000D13E4 /* Release */ = {
			isa = XCBuildConfiguration;
			buildSettings = {
				BUNDLE_LOADER = "$(TEST_HOST)";
				FRAMEWORK_SEARCH_PATHS = (
					"$(SDKROOT)/Developer/Library/Frameworks",
					"$(inherited)",
				);
				INFOPLIST_FILE = ParallaxTableTests/Info.plist;
				LD_RUNPATH_SEARCH_PATHS = "$(inherited) @executable_path/Frameworks @loader_path/Frameworks";
				PRODUCT_NAME = "$(TARGET_NAME)";
				TEST_HOST = "$(BUILT_PRODUCTS_DIR)/ParallaxTable.app/ParallaxTable";
			};
			name = Release;
		};
/* End XCBuildConfiguration section */

/* Begin XCConfigurationList section */
		1E4F9A011B166FCC000D13E4 /* Build configuration list for PBXProject "ParallaxTable" */ = {
			isa = XCConfigurationList;
			buildConfigurations = (
				1E4F9A271B166FCC000D13E4 /* Debug */,
				1E4F9A281B166FCC000D13E4 /* Release */,
			);
			defaultConfigurationIsVisible = 0;
			defaultConfigurationName = Release;
		};
		1E4F9A291B166FCC000D13E4 /* Build configuration list for PBXNativeTarget "ParallaxTable" */ = {
			isa = XCConfigurationList;
			buildConfigurations = (
				1E4F9A2A1B166FCC000D13E4 /* Debug */,
				1E4F9A2B1B166FCC000D13E4 /* Release */,
			);
			defaultConfigurationIsVisible = 0;
			defaultConfigurationName = Release;
		};
		1E4F9A2C1B166FCC000D13E4 /* Build configuration list for PBXNativeTarget "ParallaxTableTests" */ = {
			isa = XCConfigurationList;
			buildConfigurations = (
				1E4F9A2D1B166FCC000D13E4 /* Debug */,
				1E4F9A2E1B166FCC000D13E4 /* Release */,
			);
			defaultConfigurationIsVisible = 0;
			defaultConfigurationName = Release;
		};
/* End XCConfigurationList section */
	};
	rootObject = 1E4F99FE1B166FCC000D13E4 /* Project object */;
}
