// !$*UTF8*$!
{
	archiveVersion = 1;
	classes = {
	};
	objectVersion = 46;
	objects = {

/* Begin PBXBuildFile section */
		1E03828F1730D3360087026A /* UIKit.framework in Frameworks */ = {isa = PBXBuildFile; fileRef = 1E03828E1730D3360087026A /* UIKit.framework */; };
		1E0382911730D3360087026A /* Foundation.framework in Frameworks */ = {isa = PBXBuildFile; fileRef = 1E0382901730D3360087026A /* Foundation.framework */; };
		1E0382931730D3360087026A /* CoreGraphics.framework in Frameworks */ = {isa = PBXBuildFile; fileRef = 1E0382921730D3360087026A /* CoreGraphics.framework */; };
		1E0382991730D3360087026A /* InfoPlist.strings in Resources */ = {isa = PBXBuildFile; fileRef = 1E0382971730D3360087026A /* InfoPlist.strings */; };
		1E03829B1730D3360087026A /* main.m in Sources */ = {isa = PBXBuildFile; fileRef = 1E03829A1730D3360087026A /* main.m */; };
		1E03829F1730D3360087026A /* AppDelegate.m in Sources */ = {isa = PBXBuildFile; fileRef = 1E03829E1730D3360087026A /* AppDelegate.m */; };
		1E0382A11730D3360087026A /* Default.png in Resources */ = {isa = PBXBuildFile; fileRef = 1E0382A01730D3360087026A /* Default.png */; };
		1E0382A31730D3360087026A /* Default@2x.png in Resources */ = {isa = PBXBuildFile; fileRef = 1E0382A21730D3360087026A /* Default@2x.png */; };
		1E0382A51730D3360087026A /* Default-568h@2x.png in Resources */ = {isa = PBXBuildFile; fileRef = 1E0382A41730D3360087026A /* Default-568h@2x.png */; };
		1E0382AE1730D3600087026A /* RootViewController.m in Sources */ = {isa = PBXBuildFile; fileRef = 1E0382AC1730D3600087026A /* RootViewController.m */; };
		1E0382AF1730D3600087026A /* RootViewController.xib in Resources */ = {isa = PBXBuildFile; fileRef = 1E0382AD1730D3600087026A /* RootViewController.xib */; };
		1E0382B21730D37E0087026A /* OverlayCell.m in Sources */ = {isa = PBXBuildFile; fileRef = 1E0382B11730D37E0087026A /* OverlayCell.m */; };
/* End PBXBuildFile section */

/* Begin PBXFileReference section */
		1E03828B1730D3360087026A /* SlidingTableViewCell.app */ = {isa = PBXFileReference; explicitFileType = wrapper.application; includeInIndex = 0; path = SlidingTableViewCell.app; sourceTree = BUILT_PRODUCTS_DIR; };
		1E03828E1730D3360087026A /* UIKit.framework */ = {isa = PBXFileReference; lastKnownFileType = wrapper.framework; name = UIKit.framework; path = System/Library/Frameworks/UIKit.framework; sourceTree = SDKROOT; };
		1E0382901730D3360087026A /* Foundation.framework */ = {isa = PBXFileReference; lastKnownFileType = wrapper.framework; name = Foundation.framework; path = System/Library/Frameworks/Foundation.framework; sourceTree = SDKROOT; };
		1E0382921730D3360087026A /* CoreGraphics.framework */ = {isa = PBXFileReference; lastKnownFileType = wrapper.framework; name = CoreGraphics.framework; path = System/Library/Frameworks/CoreGraphics.framework; sourceTree = SDKROOT; };
		1E0382961730D3360087026A /* SlidingTableViewCell-Info.plist */ = {isa = PBXFileReference; lastKnownFileType = text.plist.xml; path = "SlidingTableViewCell-Info.plist"; sourceTree = "<group>"; };
		1E0382981730D3360087026A /* en */ = {isa = PBXFileReference; lastKnownFileType = text.plist.strings; name = en; path = en.lproj/InfoPlist.strings; sourceTree = "<group>"; };
		1E03829A1730D3360087026A /* main.m */ = {isa = PBXFileReference; lastKnownFileType = sourcecode.c.objc; path = main.m; sourceTree = "<group>"; };
		1E03829C1730D3360087026A /* SlidingTableViewCell-Prefix.pch */ = {isa = PBXFileReference; lastKnownFileType = sourcecode.c.h; path = "SlidingTableViewCell-Prefix.pch"; sourceTree = "<group>"; };
		1E03829D1730D3360087026A /* AppDelegate.h */ = {isa = PBXFileReference; lastKnownFileType = sourcecode.c.h; path = AppDelegate.h; sourceTree = "<group>"; };
		1E03829E1730D3360087026A /* AppDelegate.m */ = {isa = PBXFileReference; lastKnownFileType = sourcecode.c.objc; path = AppDelegate.m; sourceTree = "<group>"; };
		1E0382A01730D3360087026A /* Default.png */ = {isa = PBXFileReference; lastKnownFileType = image.png; path = Default.png; sourceTree = "<group>"; };
		1E0382A21730D3360087026A /* Default@2x.png */ = {isa = PBXFileReference; lastKnownFileType = image.png; path = "Default@2x.png"; sourceTree = "<group>"; };
		1E0382A41730D3360087026A /* Default-568h@2x.png */ = {isa = PBXFileReference; lastKnownFileType = image.png; path = "Default-568h@2x.png"; sourceTree = "<group>"; };
		1E0382AB1730D3600087026A /* RootViewController.h */ = {isa = PBXFileReference; fileEncoding = 4; lastKnownFileType = sourcecode.c.h; path = RootViewController.h; sourceTree = "<group>"; };
		1E0382AC1730D3600087026A /* RootViewController.m */ = {isa = PBXFileReference; fileEncoding = 4; lastKnownFileType = sourcecode.c.objc; path = RootViewController.m; sourceTree = "<group>"; };
		1E0382AD1730D3600087026A /* RootViewController.xib */ = {isa = PBXFileReference; fileEncoding = 4; lastKnownFileType = file.xib; path = RootViewController.xib; sourceTree = "<group>"; };
		1E0382B01730D37E0087026A /* OverlayCell.h */ = {isa = PBXFileReference; fileEncoding = 4; lastKnownFileType = sourcecode.c.h; path = OverlayCell.h; sourceTree = "<group>"; };
		1E0382B11730D37E0087026A /* OverlayCell.m */ = {isa = PBXFileReference; fileEncoding = 4; lastKnownFileType = sourcecode.c.objc; path = OverlayCell.m; sourceTree = "<group>"; };
/* End PBXFileReference section */

/* Begin PBXFrameworksBuildPhase section */
		1E0382881730D3360087026A /* Frameworks */ = {
			isa = PBXFrameworksBuildPhase;
			buildActionMask = 2147483647;
			files = (
				1E03828F1730D3360087026A /* UIKit.framework in Frameworks */,
				1E0382911730D3360087026A /* Foundation.framework in Frameworks */,
				1E0382931730D3360087026A /* CoreGraphics.framework in Frameworks */,
			);
			runOnlyForDeploymentPostprocessing = 0;
		};
/* End PBXFrameworksBuildPhase section */

/* Begin PBXGroup section */
		1E0382821730D3360087026A = {
			isa = PBXGroup;
			children = (
				1E0382941730D3360087026A /* SlidingTableViewCell */,
				1E03828D1730D3360087026A /* Frameworks */,
				1E03828C1730D3360087026A /* Products */,
			);
			sourceTree = "<group>";
		};
		1E03828C1730D3360087026A /* Products */ = {
			isa = PBXGroup;
			children = (
				1E03828B1730D3360087026A /* SlidingTableViewCell.app */,
			);
			name = Products;
			sourceTree = "<group>";
		};
		1E03828D1730D3360087026A /* Frameworks */ = {
			isa = PBXGroup;
			children = (
				1E03828E1730D3360087026A /* UIKit.framework */,
				1E0382901730D3360087026A /* Foundation.framework */,
				1E0382921730D3360087026A /* CoreGraphics.framework */,
			);
			name = Frameworks;
			sourceTree = "<group>";
		};
		1E0382941730D3360087026A /* SlidingTableViewCell */ = {
			isa = PBXGroup;
			children = (
				1E03829D1730D3360087026A /* AppDelegate.h */,
				1E03829E1730D3360087026A /* AppDelegate.m */,
				1E0382AB1730D3600087026A /* RootViewController.h */,
				1E0382AC1730D3600087026A /* RootViewController.m */,
				1E0382AD1730D3600087026A /* RootViewController.xib */,
				1E0382B01730D37E0087026A /* OverlayCell.h */,
				1E0382B11730D37E0087026A /* OverlayCell.m */,
				1E0382951730D3360087026A /* Supporting Files */,
			);
			path = SlidingTableViewCell;
			sourceTree = "<group>";
		};
		1E0382951730D3360087026A /* Supporting Files */ = {
			isa = PBXGroup;
			children = (
				1E0382961730D3360087026A /* SlidingTableViewCell-Info.plist */,
				1E0382971730D3360087026A /* InfoPlist.strings */,
				1E03829A1730D3360087026A /* main.m */,
				1E03829C1730D3360087026A /* SlidingTableViewCell-Prefix.pch */,
				1E0382A01730D3360087026A /* Default.png */,
				1E0382A21730D3360087026A /* Default@2x.png */,
				1E0382A41730D3360087026A /* Default-568h@2x.png */,
			);
			name = "Supporting Files";
			sourceTree = "<group>";
		};
/* End PBXGroup section */

/* Begin PBXNativeTarget section */
		1E03828A1730D3360087026A /* SlidingTableViewCell */ = {
			isa = PBXNativeTarget;
			buildConfigurationList = 1E0382A81730D3360087026A /* Build configuration list for PBXNativeTarget "SlidingTableViewCell" */;
			buildPhases = (
				1E0382871730D3360087026A /* Sources */,
				1E0382881730D3360087026A /* Frameworks */,
				1E0382891730D3360087026A /* Resources */,
			);
			buildRules = (
			);
			dependencies = (
			);
			name = SlidingTableViewCell;
			productName = SlidingTableViewCell;
			productReference = 1E03828B1730D3360087026A /* SlidingTableViewCell.app */;
			productType = "com.apple.product-type.application";
		};
/* End PBXNativeTarget section */

/* Begin PBXProject section */
		1E0382831730D3360087026A /* Project object */ = {
			isa = PBXProject;
			attributes = {
				LastUpgradeCheck = 0460;
				ORGANIZATIONNAME = unknown;
			};
			buildConfigurationList = 1E0382861730D3360087026A /* Build configuration list for PBXProject "SlidingTableViewCell" */;
			compatibilityVersion = "Xcode 3.2";
			developmentRegion = English;
			hasScannedForEncodings = 0;
			knownRegions = (
				en,
			);
			mainGroup = 1E0382821730D3360087026A;
			productRefGroup = 1E03828C1730D3360087026A /* Products */;
			projectDirPath = "";
			projectRoot = "";
			targets = (
				1E03828A1730D3360087026A /* SlidingTableViewCell */,
			);
		};
/* End PBXProject section */

/* Begin PBXResourcesBuildPhase section */
		1E0382891730D3360087026A /* Resources */ = {
			isa = PBXResourcesBuildPhase;
			buildActionMask = 2147483647;
			files = (
				1E0382991730D3360087026A /* InfoPlist.strings in Resources */,
				1E0382A11730D3360087026A /* Default.png in Resources */,
				1E0382A31730D3360087026A /* Default@2x.png in Resources */,
				1E0382A51730D3360087026A /* Default-568h@2x.png in Resources */,
				1E0382AF1730D3600087026A /* RootViewController.xib in Resources */,
			);
			runOnlyForDeploymentPostprocessing = 0;
		};
/* End PBXResourcesBuildPhase section */

/* Begin PBXSourcesBuildPhase section */
		1E0382871730D3360087026A /* Sources */ = {
			isa = PBXSourcesBuildPhase;
			buildActionMask = 2147483647;
			files = (
				1E03829B1730D3360087026A /* main.m in Sources */,
				1E03829F1730D3360087026A /* AppDelegate.m in Sources */,
				1E0382AE1730D3600087026A /* RootViewController.m in Sources */,
				1E0382B21730D37E0087026A /* OverlayCell.m in Sources */,
			);
			runOnlyForDeploymentPostprocessing = 0;
		};
/* End PBXSourcesBuildPhase section */

/* Begin PBXVariantGroup section */
		1E0382971730D3360087026A /* InfoPlist.strings */ = {
			isa = PBXVariantGroup;
			children = (
				1E0382981730D3360087026A /* en */,
			);
			name = InfoPlist.strings;
			sourceTree = "<group>";
		};
/* End PBXVariantGroup section */

/* Begin XCBuildConfiguration section */
		1E0382A61730D3360087026A /* Debug */ = {
			isa = XCBuildConfiguration;
			buildSettings = {
				ALWAYS_SEARCH_USER_PATHS = NO;
				CLANG_CXX_LANGUAGE_STANDARD = "gnu++0x";
				CLANG_CXX_LIBRARY = "libc++";
				CLANG_ENABLE_OBJC_ARC = YES;
				CLANG_WARN_CONSTANT_CONVERSION = YES;
				CLANG_WARN_EMPTY_BODY = YES;
				CLANG_WARN_ENUM_CONVERSION = YES;
				CLANG_WARN_INT_CONVERSION = YES;
				CLANG_WARN__DUPLICATE_METHOD_MATCH = YES;
				"CODE_SIGN_IDENTITY[sdk=iphoneos*]" = "iPhone Developer";
				COPY_PHASE_STRIP = NO;
				GCC_C_LANGUAGE_STANDARD = gnu99;
				GCC_DYNAMIC_NO_PIC = NO;
				GCC_OPTIMIZATION_LEVEL = 0;
				GCC_PREPROCESSOR_DEFINITIONS = (
					"DEBUG=1",
					"$(inherited)",
				);
				GCC_SYMBOLS_PRIVATE_EXTERN = NO;
				GCC_WARN_ABOUT_RETURN_TYPE = YES;
				GCC_WARN_UNINITIALIZED_AUTOS = YES;
				GCC_WARN_UNUSED_VARIABLE = YES;
				IPHONEOS_DEPLOYMENT_TARGET = 6.1;
				ONLY_ACTIVE_ARCH = YES;
				SDKROOT = iphoneos;
				TARGETED_DEVICE_FAMILY = "1,2";
			};
			name = Debug;
		};
		1E0382A71730D3360087026A /* Release */ = {
			isa = XCBuildConfiguration;
			buildSettings = {
				ALWAYS_SEARCH_USER_PATHS = NO;
				CLANG_CXX_LANGUAGE_STANDARD = "gnu++0x";
				CLANG_CXX_LIBRARY = "libc++";
				CLANG_ENABLE_OBJC_ARC = YES;
				CLANG_WARN_CONSTANT_CONVERSION = YES;
				CLANG_WARN_EMPTY_BODY = YES;
				CLANG_WARN_ENUM_CONVERSION = YES;
				CLANG_WARN_INT_CONVERSION = YES;
				CLANG_WARN__DUPLICATE_METHOD_MATCH = YES;
				"CODE_SIGN_IDENTITY[sdk=iphoneos*]" = "iPhone Developer";
				COPY_PHASE_STRIP = YES;
				GCC_C_LANGUAGE_STANDARD = gnu99;
				GCC_WARN_ABOUT_RETURN_TYPE = YES;
				GCC_WARN_UNINITIALIZED_AUTOS = YES;
				GCC_WARN_UNUSED_VARIABLE = YES;
				IPHONEOS_DEPLOYMENT_TARGET = 6.1;
				OTHER_CFLAGS = "-DNS_BLOCK_ASSERTIONS=1";
				SDKROOT = iphoneos;
				TARGETED_DEVICE_FAMILY = "1,2";
				VALIDATE_PRODUCT = YES;
			};
			name = Release;
		};
		1E0382A91730D3360087026A /* Debug */ = {
			isa = XCBuildConfiguration;
			buildSettings = {
				GCC_PRECOMPILE_PREFIX_HEADER = YES;
				GCC_PREFIX_HEADER = "SlidingTableViewCell/SlidingTableViewCell-Prefix.pch";
				INFOPLIST_FILE = "SlidingTableViewCell/SlidingTableViewCell-Info.plist";
				IPHONEOS_DEPLOYMENT_TARGET = 5.1;
				PRODUCT_NAME = "$(TARGET_NAME)";
				WRAPPER_EXTENSION = app;
			};
			name = Debug;
		};
		1E0382AA1730D3360087026A /* Release */ = {
			isa = XCBuildConfiguration;
			buildSettings = {
				GCC_PRECOMPILE_PREFIX_HEADER = YES;
				GCC_PREFIX_HEADER = "SlidingTableViewCell/SlidingTableViewCell-Prefix.pch";
				INFOPLIST_FILE = "SlidingTableViewCell/SlidingTableViewCell-Info.plist";
				IPHONEOS_DEPLOYMENT_TARGET = 5.1;
				PRODUCT_NAME = "$(TARGET_NAME)";
				WRAPPER_EXTENSION = app;
			};
			name = Release;
		};
/* End XCBuildConfiguration section */

/* Begin XCConfigurationList section */
		1E0382861730D3360087026A /* Build configuration list for PBXProject "SlidingTableViewCell" */ = {
			isa = XCConfigurationList;
			buildConfigurations = (
				1E0382A61730D3360087026A /* Debug */,
				1E0382A71730D3360087026A /* Release */,
			);
			defaultConfigurationIsVisible = 0;
			defaultConfigurationName = Release;
		};
		1E0382A81730D3360087026A /* Build configuration list for PBXNativeTarget "SlidingTableViewCell" */ = {
			isa = XCConfigurationList;
			buildConfigurations = (
				1E0382A91730D3360087026A /* Debug */,
				1E0382AA1730D3360087026A /* Release */,
			);
			defaultConfigurationIsVisible = 0;
			defaultConfigurationName = Release;
		};
/* End XCConfigurationList section */
	};
	rootObject = 1E0382831730D3360087026A /* Project object */;
}
