// !$*UTF8*$!
{
	archiveVersion = 1;
	classes = {
	};
	objectVersion = 46;
	objects = {

/* Begin PBXBuildFile section */
		1E1694211AE85C25004107A4 /* main.m in Sources */ = {isa = PBXBuildFile; fileRef = 1E1694201AE85C25004107A4 /* main.m */; };
		1E1694241AE85C25004107A4 /* AppDelegate.m in Sources */ = {isa = PBXBuildFile; fileRef = 1E1694231AE85C25004107A4 /* AppDelegate.m */; };
		1E1694271AE85C25004107A4 /* ViewController.m in Sources */ = {isa = PBXBuildFile; fileRef = 1E1694261AE85C25004107A4 /* ViewController.m */; };
		1E16942A1AE85C25004107A4 /* Main.storyboard in Resources */ = {isa = PBXBuildFile; fileRef = 1E1694281AE85C25004107A4 /* Main.storyboard */; };
		1E16942C1AE85C25004107A4 /* Images.xcassets in Resources */ = {isa = PBXBuildFile; fileRef = 1E16942B1AE85C25004107A4 /* Images.xcassets */; };
		1E16942F1AE85C25004107A4 /* LaunchScreen.xib in Resources */ = {isa = PBXBuildFile; fileRef = 1E16942D1AE85C25004107A4 /* LaunchScreen.xib */; };
		1E16943B1AE85C25004107A4 /* DoubleSliderTests.m in Sources */ = {isa = PBXBuildFile; fileRef = 1E16943A1AE85C25004107A4 /* DoubleSliderTests.m */; };
		1E1694451AE85C60004107A4 /* DoubleSliderControl.xib in Resources */ = {isa = PBXBuildFile; fileRef = 1E1694441AE85C60004107A4 /* DoubleSliderControl.xib */; };
		1ED25BCD1AE865D900129D11 /* DoubleSliderControl.m in Sources */ = {isa = PBXBuildFile; fileRef = 1ED25BCC1AE865D900129D11 /* DoubleSliderControl.m */; };
/* End PBXBuildFile section */

/* Begin PBXContainerItemProxy section */
		1E1694351AE85C25004107A4 /* PBXContainerItemProxy */ = {
			isa = PBXContainerItemProxy;
			containerPortal = 1E1694131AE85C25004107A4 /* Project object */;
			proxyType = 1;
			remoteGlobalIDString = 1E16941A1AE85C25004107A4;
			remoteInfo = DoubleSlider;
		};
/* End PBXContainerItemProxy section */

/* Begin PBXFileReference section */
		1E16941B1AE85C25004107A4 /* DoubleSlider.app */ = {isa = PBXFileReference; explicitFileType = wrapper.application; includeInIndex = 0; path = DoubleSlider.app; sourceTree = BUILT_PRODUCTS_DIR; };
		1E16941F1AE85C25004107A4 /* Info.plist */ = {isa = PBXFileReference; lastKnownFileType = text.plist.xml; path = Info.plist; sourceTree = "<group>"; };
		1E1694201AE85C25004107A4 /* main.m */ = {isa = PBXFileReference; lastKnownFileType = sourcecode.c.objc; path = main.m; sourceTree = "<group>"; };
		1E1694221AE85C25004107A4 /* AppDelegate.h */ = {isa = PBXFileReference; lastKnownFileType = sourcecode.c.h; path = AppDelegate.h; sourceTree = "<group>"; };
		1E1694231AE85C25004107A4 /* AppDelegate.m */ = {isa = PBXFileReference; lastKnownFileType = sourcecode.c.objc; path = AppDelegate.m; sourceTree = "<group>"; };
		1E1694251AE85C25004107A4 /* ViewController.h */ = {isa = PBXFileReference; lastKnownFileType = sourcecode.c.h; path = ViewController.h; sourceTree = "<group>"; };
		1E1694261AE85C25004107A4 /* ViewController.m */ = {isa = PBXFileReference; lastKnownFileType = sourcecode.c.objc; path = ViewController.m; sourceTree = "<group>"; };
		1E1694291AE85C25004107A4 /* Base */ = {isa = PBXFileReference; lastKnownFileType = file.storyboard; name = Base; path = Base.lproj/Main.storyboard; sourceTree = "<group>"; };
		1E16942B1AE85C25004107A4 /* Images.xcassets */ = {isa = PBXFileReference; lastKnownFileType = folder.assetcatalog; path = Images.xcassets; sourceTree = "<group>"; };
		1E16942E1AE85C25004107A4 /* Base */ = {isa = PBXFileReference; lastKnownFileType = file.xib; name = Base; path = Base.lproj/LaunchScreen.xib; sourceTree = "<group>"; };
		1E1694341AE85C25004107A4 /* DoubleSliderTests.xctest */ = {isa = PBXFileReference; explicitFileType = wrapper.cfbundle; includeInIndex = 0; path = DoubleSliderTests.xctest; sourceTree = BUILT_PRODUCTS_DIR; };
		1E1694391AE85C25004107A4 /* Info.plist */ = {isa = PBXFileReference; lastKnownFileType = text.plist.xml; path = Info.plist; sourceTree = "<group>"; };
		1E16943A1AE85C25004107A4 /* DoubleSliderTests.m */ = {isa = PBXFileReference; lastKnownFileType = sourcecode.c.objc; path = DoubleSliderTests.m; sourceTree = "<group>"; };
		1E1694441AE85C60004107A4 /* DoubleSliderControl.xib */ = {isa = PBXFileReference; fileEncoding = 4; lastKnownFileType = file.xib; path = DoubleSliderControl.xib; sourceTree = "<group>"; };
		1ED25BCB1AE865D900129D11 /* DoubleSliderControl.h */ = {isa = PBXFileReference; fileEncoding = 4; lastKnownFileType = sourcecode.c.h; path = DoubleSliderControl.h; sourceTree = "<group>"; };
		1ED25BCC1AE865D900129D11 /* DoubleSliderControl.m */ = {isa = PBXFileReference; fileEncoding = 4; lastKnownFileType = sourcecode.c.objc; path = DoubleSliderControl.m; sourceTree = "<group>"; };
/* End PBXFileReference section */

/* Begin PBXFrameworksBuildPhase section */
		1E1694181AE85C25004107A4 /* Frameworks */ = {
			isa = PBXFrameworksBuildPhase;
			buildActionMask = 2147483647;
			files = (
			);
			runOnlyForDeploymentPostprocessing = 0;
		};
		1E1694311AE85C25004107A4 /* Frameworks */ = {
			isa = PBXFrameworksBuildPhase;
			buildActionMask = 2147483647;
			files = (
			);
			runOnlyForDeploymentPostprocessing = 0;
		};
/* End PBXFrameworksBuildPhase section */

/* Begin PBXGroup section */
		1E1694121AE85C25004107A4 = {
			isa = PBXGroup;
			children = (
				1E16941D1AE85C25004107A4 /* DoubleSlider */,
				1E1694371AE85C25004107A4 /* DoubleSliderTests */,
				1E16941C1AE85C25004107A4 /* Products */,
			);
			sourceTree = "<group>";
		};
		1E16941C1AE85C25004107A4 /* Products */ = {
			isa = PBXGroup;
			children = (
				1E16941B1AE85C25004107A4 /* DoubleSlider.app */,
				1E1694341AE85C25004107A4 /* DoubleSliderTests.xctest */,
			);
			name = Products;
			sourceTree = "<group>";
		};
		1E16941D1AE85C25004107A4 /* DoubleSlider */ = {
			isa = PBXGroup;
			children = (
				1E1694221AE85C25004107A4 /* AppDelegate.h */,
				1E1694231AE85C25004107A4 /* AppDelegate.m */,
				1E1694251AE85C25004107A4 /* ViewController.h */,
				1E1694261AE85C25004107A4 /* ViewController.m */,
				1ED25BCB1AE865D900129D11 /* DoubleSliderControl.h */,
				1ED25BCC1AE865D900129D11 /* DoubleSliderControl.m */,
				1E1694441AE85C60004107A4 /* DoubleSliderControl.xib */,
				1E1694281AE85C25004107A4 /* Main.storyboard */,
				1E16942B1AE85C25004107A4 /* Images.xcassets */,
				1E16942D1AE85C25004107A4 /* LaunchScreen.xib */,
				1E16941E1AE85C25004107A4 /* Supporting Files */,
			);
			path = DoubleSlider;
			sourceTree = "<group>";
		};
		1E16941E1AE85C25004107A4 /* Supporting Files */ = {
			isa = PBXGroup;
			children = (
				1E16941F1AE85C25004107A4 /* Info.plist */,
				1E1694201AE85C25004107A4 /* main.m */,
			);
			name = "Supporting Files";
			sourceTree = "<group>";
		};
		1E1694371AE85C25004107A4 /* DoubleSliderTests */ = {
			isa = PBXGroup;
			children = (
				1E16943A1AE85C25004107A4 /* DoubleSliderTests.m */,
				1E1694381AE85C25004107A4 /* Supporting Files */,
			);
			path = DoubleSliderTests;
			sourceTree = "<group>";
		};
		1E1694381AE85C25004107A4 /* Supporting Files */ = {
			isa = PBXGroup;
			children = (
				1E1694391AE85C25004107A4 /* Info.plist */,
			);
			name = "Supporting Files";
			sourceTree = "<group>";
		};
/* End PBXGroup section */

/* Begin PBXNativeTarget section */
		1E16941A1AE85C25004107A4 /* DoubleSlider */ = {
			isa = PBXNativeTarget;
			buildConfigurationList = 1E16943E1AE85C25004107A4 /* Build configuration list for PBXNativeTarget "DoubleSlider" */;
			buildPhases = (
				1E1694171AE85C25004107A4 /* Sources */,
				1E1694181AE85C25004107A4 /* Frameworks */,
				1E1694191AE85C25004107A4 /* Resources */,
			);
			buildRules = (
			);
			dependencies = (
			);
			name = DoubleSlider;
			productName = DoubleSlider;
			productReference = 1E16941B1AE85C25004107A4 /* DoubleSlider.app */;
			productType = "com.apple.product-type.application";
		};
		1E1694331AE85C25004107A4 /* DoubleSliderTests */ = {
			isa = PBXNativeTarget;
			buildConfigurationList = 1E1694411AE85C25004107A4 /* Build configuration list for PBXNativeTarget "DoubleSliderTests" */;
			buildPhases = (
				1E1694301AE85C25004107A4 /* Sources */,
				1E1694311AE85C25004107A4 /* Frameworks */,
				1E1694321AE85C25004107A4 /* Resources */,
			);
			buildRules = (
			);
			dependencies = (
				1E1694361AE85C25004107A4 /* PBXTargetDependency */,
			);
			name = DoubleSliderTests;
			productName = DoubleSliderTests;
			productReference = 1E1694341AE85C25004107A4 /* DoubleSliderTests.xctest */;
			productType = "com.apple.product-type.bundle.unit-test";
		};
/* End PBXNativeTarget section */

/* Begin PBXProject section */
		1E1694131AE85C25004107A4 /* Project object */ = {
			isa = PBXProject;
			attributes = {
				LastUpgradeCheck = 0620;
				ORGANIZATIONNAME = learning;
				TargetAttributes = {
					1E16941A1AE85C25004107A4 = {
						CreatedOnToolsVersion = 6.2;
					};
					1E1694331AE85C25004107A4 = {
						CreatedOnToolsVersion = 6.2;
						TestTargetID = 1E16941A1AE85C25004107A4;
					};
				};
			};
			buildConfigurationList = 1E1694161AE85C25004107A4 /* Build configuration list for PBXProject "DoubleSlider" */;
			compatibilityVersion = "Xcode 3.2";
			developmentRegion = English;
			hasScannedForEncodings = 0;
			knownRegions = (
				en,
				Base,
			);
			mainGroup = 1E1694121AE85C25004107A4;
			productRefGroup = 1E16941C1AE85C25004107A4 /* Products */;
			projectDirPath = "";
			projectRoot = "";
			targets = (
				1E16941A1AE85C25004107A4 /* DoubleSlider */,
				1E1694331AE85C25004107A4 /* DoubleSliderTests */,
			);
		};
/* End PBXProject section */

/* Begin PBXResourcesBuildPhase section */
		1E1694191AE85C25004107A4 /* Resources */ = {
			isa = PBXResourcesBuildPhase;
			buildActionMask = 2147483647;
			files = (
				1E16942A1AE85C25004107A4 /* Main.storyboard in Resources */,
				1E16942F1AE85C25004107A4 /* LaunchScreen.xib in Resources */,
				1E16942C1AE85C25004107A4 /* Images.xcassets in Resources */,
				1E1694451AE85C60004107A4 /* DoubleSliderControl.xib in Resources */,
			);
			runOnlyForDeploymentPostprocessing = 0;
		};
		1E1694321AE85C25004107A4 /* Resources */ = {
			isa = PBXResourcesBuildPhase;
			buildActionMask = 2147483647;
			files = (
			);
			runOnlyForDeploymentPostprocessing = 0;
		};
/* End PBXResourcesBuildPhase section */

/* Begin PBXSourcesBuildPhase section */
		1E1694171AE85C25004107A4 /* Sources */ = {
			isa = PBXSourcesBuildPhase;
			buildActionMask = 2147483647;
			files = (
				1E1694271AE85C25004107A4 /* ViewController.m in Sources */,
				1E1694241AE85C25004107A4 /* AppDelegate.m in Sources */,
				1E1694211AE85C25004107A4 /* main.m in Sources */,
				1ED25BCD1AE865D900129D11 /* DoubleSliderControl.m in Sources */,
			);
			runOnlyForDeploymentPostprocessing = 0;
		};
		1E1694301AE85C25004107A4 /* Sources */ = {
			isa = PBXSourcesBuildPhase;
			buildActionMask = 2147483647;
			files = (
				1E16943B1AE85C25004107A4 /* DoubleSliderTests.m in Sources */,
			);
			runOnlyForDeploymentPostprocessing = 0;
		};
/* End PBXSourcesBuildPhase section */

/* Begin PBXTargetDependency section */
		1E1694361AE85C25004107A4 /* PBXTargetDependency */ = {
			isa = PBXTargetDependency;
			target = 1E16941A1AE85C25004107A4 /* DoubleSlider */;
			targetProxy = 1E1694351AE85C25004107A4 /* PBXContainerItemProxy */;
		};
/* End PBXTargetDependency section */

/* Begin PBXVariantGroup section */
		1E1694281AE85C25004107A4 /* Main.storyboard */ = {
			isa = PBXVariantGroup;
			children = (
				1E1694291AE85C25004107A4 /* Base */,
			);
			name = Main.storyboard;
			sourceTree = "<group>";
		};
		1E16942D1AE85C25004107A4 /* LaunchScreen.xib */ = {
			isa = PBXVariantGroup;
			children = (
				1E16942E1AE85C25004107A4 /* Base */,
			);
			name = LaunchScreen.xib;
			sourceTree = "<group>";
		};
/* End PBXVariantGroup section */

/* Begin XCBuildConfiguration section */
		1E16943C1AE85C25004107A4 /* Debug */ = {
			isa = XCBuildConfiguration;
			buildSettings = {
				ALWAYS_SEARCH_USER_PATHS = NO;
				CLANG_CXX_LANGUAGE_STANDARD = "gnu++0x";
				CLANG_CXX_LIBRARY = "libc++";
				CLANG_ENABLE_MODULES = YES;
				CLANG_ENABLE_OBJC_ARC = YES;
				CLANG_WARN_BOOL_CONVERSION = YES;
				CLANG_WARN_CONSTANT_CONVERSION = YES;
				CLANG_WARN_DIRECT_OBJC_ISA_USAGE = YES_ERROR;
				CLANG_WARN_EMPTY_BODY = YES;
				CLANG_WARN_ENUM_CONVERSION = YES;
				CLANG_WARN_INT_CONVERSION = YES;
				CLANG_WARN_OBJC_ROOT_CLASS = YES_ERROR;
				CLANG_WARN_UNREACHABLE_CODE = YES;
				CLANG_WARN__DUPLICATE_METHOD_MATCH = YES;
				"CODE_SIGN_IDENTITY[sdk=iphoneos*]" = "iPhone Developer";
				COPY_PHASE_STRIP = NO;
				ENABLE_STRICT_OBJC_MSGSEND = YES;
				GCC_C_LANGUAGE_STANDARD = gnu99;
				GCC_DYNAMIC_NO_PIC = NO;
				GCC_OPTIMIZATION_LEVEL = 0;
				GCC_PREPROCESSOR_DEFINITIONS = (
					"DEBUG=1",
					"$(inherited)",
				);
				GCC_SYMBOLS_PRIVATE_EXTERN = NO;
				GCC_WARN_64_TO_32_BIT_CONVERSION = YES;
				GCC_WARN_ABOUT_RETURN_TYPE = YES_ERROR;
				GCC_WARN_UNDECLARED_SELECTOR = YES;
				GCC_WARN_UNINITIALIZED_AUTOS = YES_AGGRESSIVE;
				GCC_WARN_UNUSED_FUNCTION = YES;
				GCC_WARN_UNUSED_VARIABLE = YES;
				IPHONEOS_DEPLOYMENT_TARGET = 8.2;
				MTL_ENABLE_DEBUG_INFO = YES;
				ONLY_ACTIVE_ARCH = YES;
				SDKROOT = iphoneos;
				TARGETED_DEVICE_FAMILY = "1,2";
			};
			name = Debug;
		};
		1E16943D1AE85C25004107A4 /* Release */ = {
			isa = XCBuildConfiguration;
			buildSettings = {
				ALWAYS_SEARCH_USER_PATHS = NO;
				CLANG_CXX_LANGUAGE_STANDARD = "gnu++0x";
				CLANG_CXX_LIBRARY = "libc++";
				CLANG_ENABLE_MODULES = YES;
				CLANG_ENABLE_OBJC_ARC = YES;
				CLANG_WARN_BOOL_CONVERSION = YES;
				CLANG_WARN_CONSTANT_CONVERSION = YES;
				CLANG_WARN_DIRECT_OBJC_ISA_USAGE = YES_ERROR;
				CLANG_WARN_EMPTY_BODY = YES;
				CLANG_WARN_ENUM_CONVERSION = YES;
				CLANG_WARN_INT_CONVERSION = YES;
				CLANG_WARN_OBJC_ROOT_CLASS = YES_ERROR;
				CLANG_WARN_UNREACHABLE_CODE = YES;
				CLANG_WARN__DUPLICATE_METHOD_MATCH = YES;
				"CODE_SIGN_IDENTITY[sdk=iphoneos*]" = "iPhone Developer";
				COPY_PHASE_STRIP = NO;
				ENABLE_NS_ASSERTIONS = NO;
				ENABLE_STRICT_OBJC_MSGSEND = YES;
				GCC_C_LANGUAGE_STANDARD = gnu99;
				GCC_WARN_64_TO_32_BIT_CONVERSION = YES;
				GCC_WARN_ABOUT_RETURN_TYPE = YES_ERROR;
				GCC_WARN_UNDECLARED_SELECTOR = YES;
				GCC_WARN_UNINITIALIZED_AUTOS = YES_AGGRESSIVE;
				GCC_WARN_UNUSED_FUNCTION = YES;
				GCC_WARN_UNUSED_VARIABLE = YES;
				IPHONEOS_DEPLOYMENT_TARGET = 8.2;
				MTL_ENABLE_DEBUG_INFO = NO;
				SDKROOT = iphoneos;
				TARGETED_DEVICE_FAMILY = "1,2";
				VALIDATE_PRODUCT = YES;
			};
			name = Release;
		};
		1E16943F1AE85C25004107A4 /* Debug */ = {
			isa = XCBuildConfiguration;
			buildSettings = {
				ASSETCATALOG_COMPILER_APPICON_NAME = AppIcon;
				INFOPLIST_FILE = DoubleSlider/Info.plist;
				LD_RUNPATH_SEARCH_PATHS = "$(inherited) @executable_path/Frameworks";
				PRODUCT_NAME = "$(TARGET_NAME)";
			};
			name = Debug;
		};
		1E1694401AE85C25004107A4 /* Release */ = {
			isa = XCBuildConfiguration;
			buildSettings = {
				ASSETCATALOG_COMPILER_APPICON_NAME = AppIcon;
				INFOPLIST_FILE = DoubleSlider/Info.plist;
				LD_RUNPATH_SEARCH_PATHS = "$(inherited) @executable_path/Frameworks";
				PRODUCT_NAME = "$(TARGET_NAME)";
			};
			name = Release;
		};
		1E1694421AE85C25004107A4 /* Debug */ = {
			isa = XCBuildConfiguration;
			buildSettings = {
				BUNDLE_LOADER = "$(TEST_HOST)";
				FRAMEWORK_SEARCH_PATHS = (
					"$(SDKROOT)/Developer/Library/Frameworks",
					"$(inherited)",
				);
				GCC_PREPROCESSOR_DEFINITIONS = (
					"DEBUG=1",
					"$(inherited)",
				);
				INFOPLIST_FILE = DoubleSliderTests/Info.plist;
				LD_RUNPATH_SEARCH_PATHS = "$(inherited) @executable_path/Frameworks @loader_path/Frameworks";
				PRODUCT_NAME = "$(TARGET_NAME)";
				TEST_HOST = "$(BUILT_PRODUCTS_DIR)/DoubleSlider.app/DoubleSlider";
			};
			name = Debug;
		};
		1E1694431AE85C25004107A4 /* Release */ = {
			isa = XCBuildConfiguration;
			buildSettings = {
				BUNDLE_LOADER = "$(TEST_HOST)";
				FRAMEWORK_SEARCH_PATHS = (
					"$(SDKROOT)/Developer/Library/Frameworks",
					"$(inherited)",
				);
				INFOPLIST_FILE = DoubleSliderTests/Info.plist;
				LD_RUNPATH_SEARCH_PATHS = "$(inherited) @executable_path/Frameworks @loader_path/Frameworks";
				PRODUCT_NAME = "$(TARGET_NAME)";
				TEST_HOST = "$(BUILT_PRODUCTS_DIR)/DoubleSlider.app/DoubleSlider";
			};
			name = Release;
		};
/* End XCBuildConfiguration section */

/* Begin XCConfigurationList section */
		1E1694161AE85C25004107A4 /* Build configuration list for PBXProject "DoubleSlider" */ = {
			isa = XCConfigurationList;
			buildConfigurations = (
				1E16943C1AE85C25004107A4 /* Debug */,
				1E16943D1AE85C25004107A4 /* Release */,
			);
			defaultConfigurationIsVisible = 0;
			defaultConfigurationName = Release;
		};
		1E16943E1AE85C25004107A4 /* Build configuration list for PBXNativeTarget "DoubleSlider" */ = {
			isa = XCConfigurationList;
			buildConfigurations = (
				1E16943F1AE85C25004107A4 /* Debug */,
				1E1694401AE85C25004107A4 /* Release */,
			);
			defaultConfigurationIsVisible = 0;
			defaultConfigurationName = Release;
		};
		1E1694411AE85C25004107A4 /* Build configuration list for PBXNativeTarget "DoubleSliderTests" */ = {
			isa = XCConfigurationList;
			buildConfigurations = (
				1E1694421AE85C25004107A4 /* Debug */,
				1E1694431AE85C25004107A4 /* Release */,
			);
			defaultConfigurationIsVisible = 0;
			defaultConfigurationName = Release;
		};
/* End XCConfigurationList section */
	};
	rootObject = 1E1694131AE85C25004107A4 /* Project object */;
}
